{
    "_readme": [
        "This file locks the dependencies of your project to a known state",
        "Read more about it at https://getcomposer.org/doc/01-basic-usage.md#installing-dependencies",
        "This file is @generated automatically"
    ],
    "content-hash": "9df8495e5cc5daa0b5bbf70c6e852f59",
    "packages": [
        {
            "name": "spatie/opening-hours",
            "version": "2.1.0",
            "source": {
                "type": "git",
                "url": "https://github.com/spatie/opening-hours.git",
                "reference": "4031753face7c718868bbf2564628b86deac82f9"
            },
            "dist": {
                "type": "zip",
                "url": "https://api.github.com/repos/spatie/opening-hours/zipball/4031753face7c718868bbf2564628b86deac82f9",
                "reference": "4031753face7c718868bbf2564628b86deac82f9",
                "shasum": ""
            },
            "require": {
                "php": "^7.0 || ^8.0"
            },
            "require-dev": {
                "kylekatarnls/multi-tester": "^1.1",
                "phpunit/phpunit": "^6.4"
            },
            "type": "library",
            "autoload": {
                "psr-4": {
                    "Spatie\\OpeningHours\\": "src"
                }
            },
            "notification-url": "https://packagist.org/downloads/",
            "license": [
                "MIT"
            ],
            "authors": [
                {
                    "name": "Sebastian De Deyne",
                    "email": "sebastian@spatie.be",
                    "homepage": "https://spatie.be",
                    "role": "Developer"
                }
            ],
            "description": "A helper to query and format a set of opening hours",
            "homepage": "https://github.com/spatie/opening-hours",
            "keywords": [
                "hours",
                "opening",
                "opening-hours",
                "schedule",
                "spatie"
            ],
            "time": "2019-02-14T08:38:33+00:00"
        }
    ],
    "packages-dev": [],
    "aliases": [],
    "minimum-stability": "stable",
    "stability-flags": [],
    "prefer-stable": false,
    "prefer-lowest": false,
    "platform": [],
    "platform-dev": []
}
